// !$*UTF8*$!
{
	archiveVersion = 1;
	classes = {
	};
	objectVersion = 55;
	objects = {

/* Begin PBXBuildFile section */
		94B55B8228EC1C8A00A018FE /* AppDelegate.swift in Sources */ = {isa = PBXBuildFile; fileRef = 94B55B8128EC1C8A00A018FE /* AppDelegate.swift */; };
		94B55B8428EC1C8A00A018FE /* SceneDelegate.swift in Sources */ = {isa = PBXBuildFile; fileRef = 94B55B8328EC1C8A00A018FE /* SceneDelegate.swift */; };
		94B55B8628EC1C8A00A018FE /* ViewController.swift in Sources */ = {isa = PBXBuildFile; fileRef = 94B55B8528EC1C8A00A018FE /* ViewController.swift */; };
		94B55B8B28EC1C8A00A018FE /* Assets.xcassets in Resources */ = {isa = PBXBuildFile; fileRef = 94B55B8A28EC1C8A00A018FE /* Assets.xcassets */; };
		94B55B8E28EC1C8A00A018FE /* LaunchScreen.storyboard in Resources */ = {isa = PBXBuildFile; fileRef = 94B55B8C28EC1C8A00A018FE /* LaunchScreen.storyboard */; };
		94B55B9D28EC206B00A018FE /* TabBarController.swift in Sources */ = {isa = PBXBuildFile; fileRef = 94B55B9C28EC206B00A018FE /* TabBarController.swift */; };
		94B55B9F28EC22B300A018FE /* Contact.swift in Sources */ = {isa = PBXBuildFile; fileRef = 94B55B9E28EC22B300A018FE /* Contact.swift */; };
		94B55BA128EC230000A018FE /* TestContactsModel.swift in Sources */ = {isa = PBXBuildFile; fileRef = 94B55BA028EC230000A018FE /* TestContactsModel.swift */; };
		94B55BA328EC239100A018FE /* ContactListView.swift in Sources */ = {isa = PBXBuildFile; fileRef = 94B55BA228EC239100A018FE /* ContactListView.swift */; };
		94B55BA528EC244800A018FE /* ContactListVC.swift in Sources */ = {isa = PBXBuildFile; fileRef = 94B55BA428EC244800A018FE /* ContactListVC.swift */; };
		94B55BA728ED9DEE00A018FE /* ContactTableViewCell.swift in Sources */ = {isa = PBXBuildFile; fileRef = 94B55BA628ED9DEE00A018FE /* ContactTableViewCell.swift */; };
/* End PBXBuildFile section */

/* Begin PBXFileReference section */
		94B55B7E28EC1C8A00A018FE /* AppleContactsApp.app */ = {isa = PBXFileReference; explicitFileType = wrapper.application; includeInIndex = 0; path = AppleContactsApp.app; sourceTree = BUILT_PRODUCTS_DIR; };
		94B55B8128EC1C8A00A018FE /* AppDelegate.swift */ = {isa = PBXFileReference; lastKnownFileType = sourcecode.swift; path = AppDelegate.swift; sourceTree = "<group>"; };
		94B55B8328EC1C8A00A018FE /* SceneDelegate.swift */ = {isa = PBXFileReference; lastKnownFileType = sourcecode.swift; path = SceneDelegate.swift; sourceTree = "<group>"; };
		94B55B8528EC1C8A00A018FE /* ViewController.swift */ = {isa = PBXFileReference; lastKnownFileType = sourcecode.swift; path = ViewController.swift; sourceTree = "<group>"; };
		94B55B8A28EC1C8A00A018FE /* Assets.xcassets */ = {isa = PBXFileReference; lastKnownFileType = folder.assetcatalog; path = Assets.xcassets; sourceTree = "<group>"; };
		94B55B8D28EC1C8A00A018FE /* Base */ = {isa = PBXFileReference; lastKnownFileType = file.storyboard; name = Base; path = Base.lproj/LaunchScreen.storyboard; sourceTree = "<group>"; };
		94B55B8F28EC1C8A00A018FE /* Info.plist */ = {isa = PBXFileReference; lastKnownFileType = text.plist.xml; path = Info.plist; sourceTree = "<group>"; };
		94B55B9C28EC206B00A018FE /* TabBarController.swift */ = {isa = PBXFileReference; lastKnownFileType = sourcecode.swift; path = TabBarController.swift; sourceTree = "<group>"; };
		94B55B9E28EC22B300A018FE /* Contact.swift */ = {isa = PBXFileReference; lastKnownFileType = sourcecode.swift; path = Contact.swift; sourceTree = "<group>"; };
		94B55BA028EC230000A018FE /* TestContactsModel.swift */ = {isa = PBXFileReference; lastKnownFileType = sourcecode.swift; path = TestContactsModel.swift; sourceTree = "<group>"; };
		94B55BA228EC239100A018FE /* ContactListView.swift */ = {isa = PBXFileReference; lastKnownFileType = sourcecode.swift; path = ContactListView.swift; sourceTree = "<group>"; };
		94B55BA428EC244800A018FE /* ContactListVC.swift */ = {isa = PBXFileReference; lastKnownFileType = sourcecode.swift; path = ContactListVC.swift; sourceTree = "<group>"; };
		94B55BA628ED9DEE00A018FE /* ContactTableViewCell.swift */ = {isa = PBXFileReference; lastKnownFileType = sourcecode.swift; path = ContactTableViewCell.swift; sourceTree = "<group>"; };
/* End PBXFileReference section */

/* Begin PBXFrameworksBuildPhase section */
		94B55B7B28EC1C8A00A018FE /* Frameworks */ = {
			isa = PBXFrameworksBuildPhase;
			buildActionMask = 2147483647;
			files = (
			);
			runOnlyForDeploymentPostprocessing = 0;
		};
/* End PBXFrameworksBuildPhase section */

/* Begin PBXGroup section */
		94B55B7528EC1C8A00A018FE = {
			isa = PBXGroup;
			children = (
				94B55B8028EC1C8A00A018FE /* AppleContactsApp */,
				94B55B7F28EC1C8A00A018FE /* Products */,
			);
			sourceTree = "<group>";
		};
		94B55B7F28EC1C8A00A018FE /* Products */ = {
			isa = PBXGroup;
			children = (
				94B55B7E28EC1C8A00A018FE /* AppleContactsApp.app */,
			);
			name = Products;
			sourceTree = "<group>";
		};
		94B55B8028EC1C8A00A018FE /* AppleContactsApp */ = {
			isa = PBXGroup;
			children = (
				94B55B9628EC1DB900A018FE /* Sources */,
				94B55B9528EC1DB100A018FE /* Resources */,
			);
			path = AppleContactsApp;
			sourceTree = "<group>";
		};
		94B55B9528EC1DB100A018FE /* Resources */ = {
			isa = PBXGroup;
			children = (
				94B55B8C28EC1C8A00A018FE /* LaunchScreen.storyboard */,
				94B55B8A28EC1C8A00A018FE /* Assets.xcassets */,
				94B55B8F28EC1C8A00A018FE /* Info.plist */,
			);
			path = Resources;
			sourceTree = "<group>";
		};
		94B55B9628EC1DB900A018FE /* Sources */ = {
			isa = PBXGroup;
			children = (
				94B55B9828EC1DDA00A018FE /* App */,
				94B55B9728EC1DD500A018FE /* Scenes */,
			);
			path = Sources;
			sourceTree = "<group>";
		};
		94B55B9728EC1DD500A018FE /* Scenes */ = {
			isa = PBXGroup;
			children = (
				94B55B9B28EC1DF300A018FE /* Models */,
				94B55B9A28EC1DEE00A018FE /* Views */,
				94B55B9928EC1DE700A018FE /* Controllers */,
			);
			path = Scenes;
			sourceTree = "<group>";
		};
		94B55B9828EC1DDA00A018FE /* App */ = {
			isa = PBXGroup;
			children = (
				94B55B8328EC1C8A00A018FE /* SceneDelegate.swift */,
				94B55B8128EC1C8A00A018FE /* AppDelegate.swift */,
			);
			path = App;
			sourceTree = "<group>";
		};
		94B55B9928EC1DE700A018FE /* Controllers */ = {
			isa = PBXGroup;
			children = (
				94B55B8528EC1C8A00A018FE /* ViewController.swift */,
				94B55B9C28EC206B00A018FE /* TabBarController.swift */,
				94B55BA428EC244800A018FE /* ContactListVC.swift */,
			);
			path = Controllers;
			sourceTree = "<group>";
		};
		94B55B9A28EC1DEE00A018FE /* Views */ = {
			isa = PBXGroup;
			children = (
				94B55BA228EC239100A018FE /* ContactListView.swift */,
				94B55BA828EDA24200A018FE /* Cells */,
			);
			path = Views;
			sourceTree = "<group>";
		};
		94B55B9B28EC1DF300A018FE /* Models */ = {
			isa = PBXGroup;
			children = (
				94B55B9E28EC22B300A018FE /* Contact.swift */,
				94B55BA028EC230000A018FE /* TestContactsModel.swift */,
			);
			path = Models;
			sourceTree = "<group>";
		};
		94B55BA828EDA24200A018FE /* Cells */ = {
			isa = PBXGroup;
			children = (
				94B55BA628ED9DEE00A018FE /* ContactTableViewCell.swift */,
			);
			path = Cells;
			sourceTree = "<group>";
		};
/* End PBXGroup section */

/* Begin PBXNativeTarget section */
		94B55B7D28EC1C8A00A018FE /* AppleContactsApp */ = {
			isa = PBXNativeTarget;
			buildConfigurationList = 94B55B9228EC1C8A00A018FE /* Build configuration list for PBXNativeTarget "AppleContactsApp" */;
			buildPhases = (
				94B55B7A28EC1C8A00A018FE /* Sources */,
				94B55B7B28EC1C8A00A018FE /* Frameworks */,
				94B55B7C28EC1C8A00A018FE /* Resources */,
			);
			buildRules = (
			);
			dependencies = (
			);
			name = AppleContactsApp;
			productName = AppleContactsApp;
			productReference = 94B55B7E28EC1C8A00A018FE /* AppleContactsApp.app */;
			productType = "com.apple.product-type.application";
		};
/* End PBXNativeTarget section */

/* Begin PBXProject section */
		94B55B7628EC1C8A00A018FE /* Project object */ = {
			isa = PBXProject;
			attributes = {
				BuildIndependentTargetsInParallel = 1;
				LastSwiftUpdateCheck = 1340;
				LastUpgradeCheck = 1340;
				TargetAttributes = {
					94B55B7D28EC1C8A00A018FE = {
						CreatedOnToolsVersion = 13.4.1;
					};
				};
			};
			buildConfigurationList = 94B55B7928EC1C8A00A018FE /* Build configuration list for PBXProject "AppleContactsApp" */;
			compatibilityVersion = "Xcode 13.0";
			developmentRegion = en;
			hasScannedForEncodings = 0;
			knownRegions = (
				en,
				Base,
			);
			mainGroup = 94B55B7528EC1C8A00A018FE;
			productRefGroup = 94B55B7F28EC1C8A00A018FE /* Products */;
			projectDirPath = "";
			projectRoot = "";
			targets = (
				94B55B7D28EC1C8A00A018FE /* AppleContactsApp */,
			);
		};
/* End PBXProject section */

/* Begin PBXResourcesBuildPhase section */
		94B55B7C28EC1C8A00A018FE /* Resources */ = {
			isa = PBXResourcesBuildPhase;
			buildActionMask = 2147483647;
			files = (
				94B55B8E28EC1C8A00A018FE /* LaunchScreen.storyboard in Resources */,
				94B55B8B28EC1C8A00A018FE /* Assets.xcassets in Resources */,
			);
			runOnlyForDeploymentPostprocessing = 0;
		};
/* End PBXResourcesBuildPhase section */

/* Begin PBXSourcesBuildPhase section */
		94B55B7A28EC1C8A00A018FE /* Sources */ = {
			isa = PBXSourcesBuildPhase;
			buildActionMask = 2147483647;
			files = (
				94B55BA128EC230000A018FE /* TestContactsModel.swift in Sources */,
				94B55BA328EC239100A018FE /* ContactListView.swift in Sources */,
				94B55B8628EC1C8A00A018FE /* ViewController.swift in Sources */,
				94B55B9D28EC206B00A018FE /* TabBarController.swift in Sources */,
				94B55B9F28EC22B300A018FE /* Contact.swift in Sources */,
				94B55B8228EC1C8A00A018FE /* AppDelegate.swift in Sources */,
				94B55BA728ED9DEE00A018FE /* ContactTableViewCell.swift in Sources */,
				94B55B8428EC1C8A00A018FE /* SceneDelegate.swift in Sources */,
				94B55BA528EC244800A018FE /* ContactListVC.swift in Sources */,
			);
			runOnlyForDeploymentPostprocessing = 0;
		};
/* End PBXSourcesBuildPhase section */

/* Begin PBXVariantGroup section */
		94B55B8C28EC1C8A00A018FE /* LaunchScreen.storyboard */ = {
			isa = PBXVariantGroup;
			children = (
				94B55B8D28EC1C8A00A018FE /* Base */,
			);
			name = LaunchScreen.storyboard;
			sourceTree = "<group>";
		};
/* End PBXVariantGroup section */

/* Begin XCBuildConfiguration section */
		94B55B9028EC1C8A00A018FE /* Debug */ = {
			isa = XCBuildConfiguration;
			buildSettings = {
				ALWAYS_SEARCH_USER_PATHS = NO;
				CLANG_ANALYZER_NONNULL = YES;
				CLANG_ANALYZER_NUMBER_OBJECT_CONVERSION = YES_AGGRESSIVE;
				CLANG_CXX_LANGUAGE_STANDARD = "gnu++17";
				CLANG_ENABLE_MODULES = YES;
				CLANG_ENABLE_OBJC_ARC = YES;
				CLANG_ENABLE_OBJC_WEAK = YES;
				CLANG_WARN_BLOCK_CAPTURE_AUTORELEASING = YES;
				CLANG_WARN_BOOL_CONVERSION = YES;
				CLANG_WARN_COMMA = YES;
				CLANG_WARN_CONSTANT_CONVERSION = YES;
				CLANG_WARN_DEPRECATED_OBJC_IMPLEMENTATIONS = YES;
				CLANG_WARN_DIRECT_OBJC_ISA_USAGE = YES_ERROR;
				CLANG_WARN_DOCUMENTATION_COMMENTS = YES;
				CLANG_WARN_EMPTY_BODY = YES;
				CLANG_WARN_ENUM_CONVERSION = YES;
				CLANG_WARN_INFINITE_RECURSION = YES;
				CLANG_WARN_INT_CONVERSION = YES;
				CLANG_WARN_NON_LITERAL_NULL_CONVERSION = YES;
				CLANG_WARN_OBJC_IMPLICIT_RETAIN_SELF = YES;
				CLANG_WARN_OBJC_LITERAL_CONVERSION = YES;
				CLANG_WARN_OBJC_ROOT_CLASS = YES_ERROR;
				CLANG_WARN_QUOTED_INCLUDE_IN_FRAMEWORK_HEADER = YES;
				CLANG_WARN_RANGE_LOOP_ANALYSIS = YES;
				CLANG_WARN_STRICT_PROTOTYPES = YES;
				CLANG_WARN_SUSPICIOUS_MOVE = YES;
				CLANG_WARN_UNGUARDED_AVAILABILITY = YES_AGGRESSIVE;
				CLANG_WARN_UNREACHABLE_CODE = YES;
				CLANG_WARN__DUPLICATE_METHOD_MATCH = YES;
				COPY_PHASE_STRIP = NO;
				DEBUG_INFORMATION_FORMAT = dwarf;
				ENABLE_STRICT_OBJC_MSGSEND = YES;
				ENABLE_TESTABILITY = YES;
				GCC_C_LANGUAGE_STANDARD = gnu11;
				GCC_DYNAMIC_NO_PIC = NO;
				GCC_NO_COMMON_BLOCKS = YES;
				GCC_OPTIMIZATION_LEVEL = 0;
				GCC_PREPROCESSOR_DEFINITIONS = (
					"DEBUG=1",
					"$(inherited)",
				);
				GCC_WARN_64_TO_32_BIT_CONVERSION = YES;
				GCC_WARN_ABOUT_RETURN_TYPE = YES_ERROR;
				GCC_WARN_UNDECLARED_SELECTOR = YES;
				GCC_WARN_UNINITIALIZED_AUTOS = YES_AGGRESSIVE;
				GCC_WARN_UNUSED_FUNCTION = YES;
				GCC_WARN_UNUSED_VARIABLE = YES;
				IPHONEOS_DEPLOYMENT_TARGET = 15.4;
				MTL_ENABLE_DEBUG_INFO = INCLUDE_SOURCE;
				MTL_FAST_MATH = YES;
				ONLY_ACTIVE_ARCH = YES;
				SDKROOT = iphoneos;
				SWIFT_ACTIVE_COMPILATION_CONDITIONS = DEBUG;
				SWIFT_OPTIMIZATION_LEVEL = "-Onone";
			};
			name = Debug;
		};
		94B55B9128EC1C8A00A018FE /* Release */ = {
			isa = XCBuildConfiguration;
			buildSettings = {
				ALWAYS_SEARCH_USER_PATHS = NO;
				CLANG_ANALYZER_NONNULL = YES;
				CLANG_ANALYZER_NUMBER_OBJECT_CONVERSION = YES_AGGRESSIVE;
				CLANG_CXX_LANGUAGE_STANDARD = "gnu++17";
				CLANG_ENABLE_MODULES = YES;
				CLANG_ENABLE_OBJC_ARC = YES;
				CLANG_ENABLE_OBJC_WEAK = YES;
				CLANG_WARN_BLOCK_CAPTURE_AUTORELEASING = YES;
				CLANG_WARN_BOOL_CONVERSION = YES;
				CLANG_WARN_COMMA = YES;
				CLANG_WARN_CONSTANT_CONVERSION = YES;
				CLANG_WARN_DEPRECATED_OBJC_IMPLEMENTATIONS = YES;
				CLANG_WARN_DIRECT_OBJC_ISA_USAGE = YES_ERROR;
				CLANG_WARN_DOCUMENTATION_COMMENTS = YES;
				CLANG_WARN_EMPTY_BODY = YES;
				CLANG_WARN_ENUM_CONVERSION = YES;
				CLANG_WARN_INFINITE_RECURSION = YES;
				CLANG_WARN_INT_CONVERSION = YES;
				CLANG_WARN_NON_LITERAL_NULL_CONVERSION = YES;
				CLANG_WARN_OBJC_IMPLICIT_RETAIN_SELF = YES;
				CLANG_WARN_OBJC_LITERAL_CONVERSION = YES;
				CLANG_WARN_OBJC_ROOT_CLASS = YES_ERROR;
				CLANG_WARN_QUOTED_INCLUDE_IN_FRAMEWORK_HEADER = YES;
				CLANG_WARN_RANGE_LOOP_ANALYSIS = YES;
				CLANG_WARN_STRICT_PROTOTYPES = YES;
				CLANG_WARN_SUSPICIOUS_MOVE = YES;
				CLANG_WARN_UNGUARDED_AVAILABILITY = YES_AGGRESSIVE;
				CLANG_WARN_UNREACHABLE_CODE = YES;
				CLANG_WARN__DUPLICATE_METHOD_MATCH = YES;
				COPY_PHASE_STRIP = NO;
				DEBUG_INFORMATION_FORMAT = "dwarf-with-dsym";
				ENABLE_NS_ASSERTIONS = NO;
				ENABLE_STRICT_OBJC_MSGSEND = YES;
				GCC_C_LANGUAGE_STANDARD = gnu11;
				GCC_NO_COMMON_BLOCKS = YES;
				GCC_WARN_64_TO_32_BIT_CONVERSION = YES;
				GCC_WARN_ABOUT_RETURN_TYPE = YES_ERROR;
				GCC_WARN_UNDECLARED_SELECTOR = YES;
				GCC_WARN_UNINITIALIZED_AUTOS = YES_AGGRESSIVE;
				GCC_WARN_UNUSED_FUNCTION = YES;
				GCC_WARN_UNUSED_VARIABLE = YES;
				IPHONEOS_DEPLOYMENT_TARGET = 15.4;
				MTL_ENABLE_DEBUG_INFO = NO;
				MTL_FAST_MATH = YES;
				SDKROOT = iphoneos;
				SWIFT_COMPILATION_MODE = wholemodule;
				SWIFT_OPTIMIZATION_LEVEL = "-O";
				VALIDATE_PRODUCT = YES;
			};
			name = Release;
		};
		94B55B9328EC1C8A00A018FE /* Debug */ = {
			isa = XCBuildConfiguration;
			buildSettings = {
				ASSETCATALOG_COMPILER_APPICON_NAME = AppIcon;
				ASSETCATALOG_COMPILER_GLOBAL_ACCENT_COLOR_NAME = AccentColor;
				CODE_SIGN_STYLE = Automatic;
				CURRENT_PROJECT_VERSION = 1;
				DEVELOPMENT_TEAM = RUYZ999FPK;
				GENERATE_INFOPLIST_FILE = YES;
				INFOPLIST_FILE = AppleContactsApp/Resources/Info.plist;
				INFOPLIST_KEY_UIApplicationSupportsIndirectInputEvents = YES;
				INFOPLIST_KEY_UILaunchStoryboardName = LaunchScreen;
				INFOPLIST_KEY_UISupportedInterfaceOrientations = UIInterfaceOrientationPortrait;
				INFOPLIST_KEY_UISupportedInterfaceOrientations_iPad = "UIInterfaceOrientationPortrait UIInterfaceOrientationPortraitUpsideDown UIInterfaceOrientationLandscapeLeft UIInterfaceOrientationLandscapeRight";
				INFOPLIST_KEY_UISupportedInterfaceOrientations_iPhone = UIInterfaceOrientationPortrait;
				IPHONEOS_DEPLOYMENT_TARGET = 15.4;
				LD_RUNPATH_SEARCH_PATHS = (
					"$(inherited)",
					"@executable_path/Frameworks",
				);
				MARKETING_VERSION = 1.0;
				PRODUCT_BUNDLE_IDENTIFIER = com.my.AppleContactsApp;
				PRODUCT_NAME = "$(TARGET_NAME)";
				SWIFT_EMIT_LOC_STRINGS = YES;
				SWIFT_VERSION = 5.0;
				TARGETED_DEVICE_FAMILY = 1;
			};
			name = Debug;
		};
		94B55B9428EC1C8A00A018FE /* Release */ = {
			isa = XCBuildConfiguration;
			buildSettings = {
				ASSETCATALOG_COMPILER_APPICON_NAME = AppIcon;
				ASSETCATALOG_COMPILER_GLOBAL_ACCENT_COLOR_NAME = AccentColor;
				CODE_SIGN_STYLE = Automatic;
				CURRENT_PROJECT_VERSION = 1;
				DEVELOPMENT_TEAM = RUYZ999FPK;
				GENERATE_INFOPLIST_FILE = YES;
				INFOPLIST_FILE = AppleContactsApp/Resources/Info.plist;
				INFOPLIST_KEY_UIApplicationSupportsIndirectInputEvents = YES;
				INFOPLIST_KEY_UILaunchStoryboardName = LaunchScreen;
				INFOPLIST_KEY_UISupportedInterfaceOrientations = UIInterfaceOrientationPortrait;
				INFOPLIST_KEY_UISupportedInterfaceOrientations_iPad = "UIInterfaceOrientationPortrait UIInterfaceOrientationPortraitUpsideDown UIInterfaceOrientationLandscapeLeft UIInterfaceOrientationLandscapeRight";
				INFOPLIST_KEY_UISupportedInterfaceOrientations_iPhone = UIInterfaceOrientationPortrait;
				IPHONEOS_DEPLOYMENT_TARGET = 15.4;
				LD_RUNPATH_SEARCH_PATHS = (
					"$(inherited)",
					"@executable_path/Frameworks",
				);
				MARKETING_VERSION = 1.0;
				PRODUCT_BUNDLE_IDENTIFIER = com.my.AppleContactsApp;
				PRODUCT_NAME = "$(TARGET_NAME)";
				SWIFT_EMIT_LOC_STRINGS = YES;
				SWIFT_VERSION = 5.0;
				TARGETED_DEVICE_FAMILY = 1;
			};
			name = Release;
		};
/* End XCBuildConfiguration section */

/* Begin XCConfigurationList section */
		94B55B7928EC1C8A00A018FE /* Build configuration list for PBXProject "AppleContactsApp" */ = {
			isa = XCConfigurationList;
			buildConfigurations = (
				94B55B9028EC1C8A00A018FE /* Debug */,
				94B55B9128EC1C8A00A018FE /* Release */,
			);
			defaultConfigurationIsVisible = 0;
			defaultConfigurationName = Release;
		};
		94B55B9228EC1C8A00A018FE /* Build configuration list for PBXNativeTarget "AppleContactsApp" */ = {
			isa = XCConfigurationList;
			buildConfigurations = (
				94B55B9328EC1C8A00A018FE /* Debug */,
				94B55B9428EC1C8A00A018FE /* Release */,
			);
			defaultConfigurationIsVisible = 0;
			defaultConfigurationName = Release;
		};
/* End XCConfigurationList section */
	};
	rootObject = 94B55B7628EC1C8A00A018FE /* Project object */;
}
